
Microsoft Visual Studio Solution File, Format Version 12.00
# Visual Studio Version 16
VisualStudioVersion = 16.0.29519.87
MinimumVisualStudioVersion = 10.0.40219.1
Project("{FAE04EC0-301F-11D3-BF4B-00C04F79EFBC}") = "GraphicsEx2", "GraphicsEx2.csproj", "{63880460-E7EF-4505-A27E-579688452DC8}"
EndProject
Global
	GlobalSection(SolutionConfigurationPlatforms) = preSolution
		Debug|Any CPU = Debug|Any CPU
		Release|Any CPU = Release|Any CPU
	EndGlobalSection
	GlobalSection(ProjectConfigurationPlatforms) = postSolution
		{63880460-E7EF-4505-A27E-579688452DC8}.Debug|Any CPU.ActiveCfg = Debug|Any CPU
		{63880460-E7EF-4505-A27E-579688452DC8}.Debug|Any CPU.Build.0 = Debug|Any CPU
		{63880460-E7EF-4505-A27E-579688452DC8}.Release|Any CPU.ActiveCfg = Release|Any CPU
		{63880460-E7EF-4505-A27E-579688452DC8}.Release|Any CPU.Build.0 = Release|Any CPU
	EndGlobalSection
	GlobalSection(SolutionProperties) = preSolution
		HideSolutionNode = FALSE
	EndGlobalSection
	GlobalSection(ExtensibilityGlobals) = postSolution
		SolutionGuid = {EE35A949-0E53-4C3F-9024-03DABF220F35}
	EndGlobalSection
EndGlobal
